
Microsoft Visual Studio Solution File, Format Version 12.00
# Visual Studio Version 17
VisualStudioVersion = 17.0.31903.59
MinimumVisualStudioVersion = 10.0.40219.1
Project("{FAE04EC0-301F-11D3-BF4B-00C04F79EFBC}") = "frontend", "frontend\frontend.csproj", "{03FC69F9-1CEF-44E7-873A-F65CB3E23B59}"
EndProject
Project("{FAE04EC0-301F-11D3-BF4B-00C04F79EFBC}") = "backend", "backend\backend.csproj", "{0693B8C4-9BF2-4E13-9D93-A109EDEE99E1}"
EndProject
Global
	GlobalSection(SolutionConfigurationPlatforms) = preSolution
		Debug|Any CPU = Debug|Any CPU
		Release|Any CPU = Release|Any CPU
	EndGlobalSection
	GlobalSection(SolutionProperties) = preSolution
		HideSolutionNode = FALSE
	EndGlobalSection
	GlobalSection(ProjectConfigurationPlatforms) = postSolution
		{03FC69F9-1CEF-44E7-873A-F65CB3E23B59}.Debug|Any CPU.ActiveCfg = Debug|Any CPU
		{03FC69F9-1CEF-44E7-873A-F65CB3E23B59}.Debug|Any CPU.Build.0 = Debug|Any CPU
		{03FC69F9-1CEF-44E7-873A-F65CB3E23B59}.Release|Any CPU.ActiveCfg = Release|Any CPU
		{03FC69F9-1CEF-44E7-873A-F65CB3E23B59}.Release|Any CPU.Build.0 = Release|Any CPU
		{0693B8C4-9BF2-4E13-9D93-A109EDEE99E1}.Debug|Any CPU.ActiveCfg = Debug|Any CPU
		{0693B8C4-9BF2-4E13-9D93-A109EDEE99E1}.Debug|Any CPU.Build.0 = Debug|Any CPU
		{0693B8C4-9BF2-4E13-9D93-A109EDEE99E1}.Release|Any CPU.ActiveCfg = Release|Any CPU
		{0693B8C4-9BF2-4E13-9D93-A109EDEE99E1}.Release|Any CPU.Build.0 = Release|Any CPU
	EndGlobalSection
EndGlobal
